// !$*UTF8*$!
{
	archiveVersion = 1;
	classes = {
	};
	objectVersion = 55;
	objects = {

/* Begin PBXBuildFile section */
		8CF413EF27CA026B00BE0028 /* AppStoreToolKitApp.swift in Sources */ = {isa = PBXBuildFile; fileRef = 8CF413DF27CA026A00BE0028 /* AppStoreToolKitApp.swift */; };
		8CF413F027CA026B00BE0028 /* AppStoreToolKitApp.swift in Sources */ = {isa = PBXBuildFile; fileRef = 8CF413DF27CA026A00BE0028 /* AppStoreToolKitApp.swift */; };
		8CF413F127CA026B00BE0028 /* ContentView.swift in Sources */ = {isa = PBXBuildFile; fileRef = 8CF413E027CA026A00BE0028 /* ContentView.swift */; };
		8CF413F227CA026B00BE0028 /* ContentView.swift in Sources */ = {isa = PBXBuildFile; fileRef = 8CF413E027CA026A00BE0028 /* ContentView.swift */; };
		8CF413F327CA026B00BE0028 /* Assets.xcassets in Resources */ = {isa = PBXBuildFile; fileRef = 8CF413E127CA026B00BE0028 /* Assets.xcassets */; };
		8CF413F427CA026B00BE0028 /* Assets.xcassets in Resources */ = {isa = PBXBuildFile; fileRef = 8CF413E127CA026B00BE0028 /* Assets.xcassets */; };
		8CF4140027CA02FD00BE0028 /* Contents.json in Resources */ = {isa = PBXBuildFile; fileRef = 8CF413FF27CA02FD00BE0028 /* Contents.json */; };
		8CF4140427CA033100BE0028 /* Home.swift in Sources */ = {isa = PBXBuildFile; fileRef = 8CF4140327CA033100BE0028 /* Home.swift */; };
		8CF4140627CA035F00BE0028 /* IconViewModel.swift in Sources */ = {isa = PBXBuildFile; fileRef = 8CF4140527CA035F00BE0028 /* IconViewModel.swift */; };
/* End PBXBuildFile section */

/* Begin PBXFileReference section */
		8CF413DF27CA026A00BE0028 /* AppStoreToolKitApp.swift */ = {isa = PBXFileReference; lastKnownFileType = sourcecode.swift; path = AppStoreToolKitApp.swift; sourceTree = "<group>"; };
		8CF413E027CA026A00BE0028 /* ContentView.swift */ = {isa = PBXFileReference; lastKnownFileType = sourcecode.swift; path = ContentView.swift; sourceTree = "<group>"; };
		8CF413E127CA026B00BE0028 /* Assets.xcassets */ = {isa = PBXFileReference; lastKnownFileType = folder.assetcatalog; path = Assets.xcassets; sourceTree = "<group>"; };
		8CF413E627CA026B00BE0028 /* AppStoreToolKit.app */ = {isa = PBXFileReference; explicitFileType = wrapper.application; includeInIndex = 0; path = AppStoreToolKit.app; sourceTree = BUILT_PRODUCTS_DIR; };
		8CF413EC27CA026B00BE0028 /* AppStoreToolKit.app */ = {isa = PBXFileReference; explicitFileType = wrapper.application; includeInIndex = 0; path = AppStoreToolKit.app; sourceTree = BUILT_PRODUCTS_DIR; };
		8CF413EE27CA026B00BE0028 /* macOS.entitlements */ = {isa = PBXFileReference; lastKnownFileType = text.plist.entitlements; path = macOS.entitlements; sourceTree = "<group>"; };
		8CF413FF27CA02FD00BE0028 /* Contents.json */ = {isa = PBXFileReference; fileEncoding = 4; lastKnownFileType = text.json; path = Contents.json; sourceTree = "<group>"; };
		8CF4140327CA033100BE0028 /* Home.swift */ = {isa = PBXFileReference; lastKnownFileType = sourcecode.swift; path = Home.swift; sourceTree = "<group>"; };
		8CF4140527CA035F00BE0028 /* IconViewModel.swift */ = {isa = PBXFileReference; lastKnownFileType = sourcecode.swift; path = IconViewModel.swift; sourceTree = "<group>"; };
/* End PBXFileReference section */

/* Begin PBXFrameworksBuildPhase section */
		8CF413E327CA026B00BE0028 /* Frameworks */ = {
			isa = PBXFrameworksBuildPhase;
			buildActionMask = 2147483647;
			files = (
			);
			runOnlyForDeploymentPostprocessing = 0;
		};
		8CF413E927CA026B00BE0028 /* Frameworks */ = {
			isa = PBXFrameworksBuildPhase;
			buildActionMask = 2147483647;
			files = (
			);
			runOnlyForDeploymentPostprocessing = 0;
		};
/* End PBXFrameworksBuildPhase section */

/* Begin PBXGroup section */
		8CF413D927CA026A00BE0028 = {
			isa = PBXGroup;
			children = (
				8CF413FF27CA02FD00BE0028 /* Contents.json */,
				8CF413DE27CA026A00BE0028 /* Shared */,
				8CF413ED27CA026B00BE0028 /* macOS */,
				8CF413E727CA026B00BE0028 /* Products */,
			);
			sourceTree = "<group>";
		};
		8CF413DE27CA026A00BE0028 /* Shared */ = {
			isa = PBXGroup;
			children = (
				8CF4140227CA031F00BE0028 /* ViewModel */,
				8CF4140127CA031900BE0028 /* View */,
				8CF413DF27CA026A00BE0028 /* AppStoreToolKitApp.swift */,
				8CF413E027CA026A00BE0028 /* ContentView.swift */,
				8CF413E127CA026B00BE0028 /* Assets.xcassets */,
			);
			path = Shared;
			sourceTree = "<group>";
		};
		8CF413E727CA026B00BE0028 /* Products */ = {
			isa = PBXGroup;
			children = (
				8CF413E627CA026B00BE0028 /* AppStoreToolKit.app */,
				8CF413EC27CA026B00BE0028 /* AppStoreToolKit.app */,
			);
			name = Products;
			sourceTree = "<group>";
		};
		8CF413ED27CA026B00BE0028 /* macOS */ = {
			isa = PBXGroup;
			children = (
				8CF413EE27CA026B00BE0028 /* macOS.entitlements */,
			);
			path = macOS;
			sourceTree = "<group>";
		};
		8CF4140127CA031900BE0028 /* View */ = {
			isa = PBXGroup;
			children = (
				8CF4140327CA033100BE0028 /* Home.swift */,
			);
			path = View;
			sourceTree = "<group>";
		};
		8CF4140227CA031F00BE0028 /* ViewModel */ = {
			isa = PBXGroup;
			children = (
				8CF4140527CA035F00BE0028 /* IconViewModel.swift */,
			);
			path = ViewModel;
			sourceTree = "<group>";
		};
/* End PBXGroup section */

/* Begin PBXNativeTarget section */
		8CF413E527CA026B00BE0028 /* AppStoreToolKit (iOS) */ = {
			isa = PBXNativeTarget;
			buildConfigurationList = 8CF413F727CA026B00BE0028 /* Build configuration list for PBXNativeTarget "AppStoreToolKit (iOS)" */;
			buildPhases = (
				8CF413E227CA026B00BE0028 /* Sources */,
				8CF413E327CA026B00BE0028 /* Frameworks */,
				8CF413E427CA026B00BE0028 /* Resources */,
			);
			buildRules = (
			);
			dependencies = (
			);
			name = "AppStoreToolKit (iOS)";
			productName = "AppStoreToolKit (iOS)";
			productReference = 8CF413E627CA026B00BE0028 /* AppStoreToolKit.app */;
			productType = "com.apple.product-type.application";
		};
		8CF413EB27CA026B00BE0028 /* AppStoreToolKit (macOS) */ = {
			isa = PBXNativeTarget;
			buildConfigurationList = 8CF413FA27CA026B00BE0028 /* Build configuration list for PBXNativeTarget "AppStoreToolKit (macOS)" */;
			buildPhases = (
				8CF413E827CA026B00BE0028 /* Sources */,
				8CF413E927CA026B00BE0028 /* Frameworks */,
				8CF413EA27CA026B00BE0028 /* Resources */,
			);
			buildRules = (
			);
			dependencies = (
			);
			name = "AppStoreToolKit (macOS)";
			productName = "AppStoreToolKit (macOS)";
			productReference = 8CF413EC27CA026B00BE0028 /* AppStoreToolKit.app */;
			productType = "com.apple.product-type.application";
		};
/* End PBXNativeTarget section */

/* Begin PBXProject section */
		8CF413DA27CA026A00BE0028 /* Project object */ = {
			isa = PBXProject;
			attributes = {
				BuildIndependentTargetsInParallel = 1;
				LastSwiftUpdateCheck = 1320;
				LastUpgradeCheck = 1320;
				TargetAttributes = {
					8CF413E527CA026B00BE0028 = {
						CreatedOnToolsVersion = 13.2.1;
					};
					8CF413EB27CA026B00BE0028 = {
						CreatedOnToolsVersion = 13.2.1;
					};
				};
			};
			buildConfigurationList = 8CF413DD27CA026A00BE0028 /* Build configuration list for PBXProject "AppStoreToolKit" */;
			compatibilityVersion = "Xcode 13.0";
			developmentRegion = en;
			hasScannedForEncodings = 0;
			knownRegions = (
				en,
				Base,
			);
			mainGroup = 8CF413D927CA026A00BE0028;
			productRefGroup = 8CF413E727CA026B00BE0028 /* Products */;
			projectDirPath = "";
			projectRoot = "";
			targets = (
				8CF413E527CA026B00BE0028 /* AppStoreToolKit (iOS) */,
				8CF413EB27CA026B00BE0028 /* AppStoreToolKit (macOS) */,
			);
		};
/* End PBXProject section */

/* Begin PBXResourcesBuildPhase section */
		8CF413E427CA026B00BE0028 /* Resources */ = {
			isa = PBXResourcesBuildPhase;
			buildActionMask = 2147483647;
			files = (
				8CF413F327CA026B00BE0028 /* Assets.xcassets in Resources */,
			);
			runOnlyForDeploymentPostprocessing = 0;
		};
		8CF413EA27CA026B00BE0028 /* Resources */ = {
			isa = PBXResourcesBuildPhase;
			buildActionMask = 2147483647;
			files = (
				8CF413F427CA026B00BE0028 /* Assets.xcassets in Resources */,
				8CF4140027CA02FD00BE0028 /* Contents.json in Resources */,
			);
			runOnlyForDeploymentPostprocessing = 0;
		};
/* End PBXResourcesBuildPhase section */

/* Begin PBXSourcesBuildPhase section */
		8CF413E227CA026B00BE0028 /* Sources */ = {
			isa = PBXSourcesBuildPhase;
			buildActionMask = 2147483647;
			files = (
				8CF413F127CA026B00BE0028 /* ContentView.swift in Sources */,
				8CF413EF27CA026B00BE0028 /* AppStoreToolKitApp.swift in Sources */,
			);
			runOnlyForDeploymentPostprocessing = 0;
		};
		8CF413E827CA026B00BE0028 /* Sources */ = {
			isa = PBXSourcesBuildPhase;
			buildActionMask = 2147483647;
			files = (
				8CF413F227CA026B00BE0028 /* ContentView.swift in Sources */,
				8CF4140427CA033100BE0028 /* Home.swift in Sources */,
				8CF413F027CA026B00BE0028 /* AppStoreToolKitApp.swift in Sources */,
				8CF4140627CA035F00BE0028 /* IconViewModel.swift in Sources */,
			);
			runOnlyForDeploymentPostprocessing = 0;
		};
/* End PBXSourcesBuildPhase section */

/* Begin XCBuildConfiguration section */
		8CF413F527CA026B00BE0028 /* Debug */ = {
			isa = XCBuildConfiguration;
			buildSettings = {
				ALWAYS_SEARCH_USER_PATHS = NO;
				CLANG_ANALYZER_NONNULL = YES;
				CLANG_ANALYZER_NUMBER_OBJECT_CONVERSION = YES_AGGRESSIVE;
				CLANG_CXX_LANGUAGE_STANDARD = "gnu++17";
				CLANG_CXX_LIBRARY = "libc++";
				CLANG_ENABLE_MODULES = YES;
				CLANG_ENABLE_OBJC_ARC = YES;
				CLANG_ENABLE_OBJC_WEAK = YES;
				CLANG_WARN_BLOCK_CAPTURE_AUTORELEASING = YES;
				CLANG_WARN_BOOL_CONVERSION = YES;
				CLANG_WARN_COMMA = YES;
				CLANG_WARN_CONSTANT_CONVERSION = YES;
				CLANG_WARN_DEPRECATED_OBJC_IMPLEMENTATIONS = YES;
				CLANG_WARN_DIRECT_OBJC_ISA_USAGE = YES_ERROR;
				CLANG_WARN_DOCUMENTATION_COMMENTS = YES;
				CLANG_WARN_EMPTY_BODY = YES;
				CLANG_WARN_ENUM_CONVERSION = YES;
				CLANG_WARN_INFINITE_RECURSION = YES;
				CLANG_WARN_INT_CONVERSION = YES;
				CLANG_WARN_NON_LITERAL_NULL_CONVERSION = YES;
				CLANG_WARN_OBJC_IMPLICIT_RETAIN_SELF = YES;
				CLANG_WARN_OBJC_LITERAL_CONVERSION = YES;
				CLANG_WARN_OBJC_ROOT_CLASS = YES_ERROR;
				CLANG_WARN_QUOTED_INCLUDE_IN_FRAMEWORK_HEADER = YES;
				CLANG_WARN_RANGE_LOOP_ANALYSIS = YES;
				CLANG_WARN_STRICT_PROTOTYPES = YES;
				CLANG_WARN_SUSPICIOUS_MOVE = YES;
				CLANG_WARN_UNGUARDED_AVAILABILITY = YES_AGGRESSIVE;
				CLANG_WARN_UNREACHABLE_CODE = YES;
				CLANG_WARN__DUPLICATE_METHOD_MATCH = YES;
				COPY_PHASE_STRIP = NO;
				DEBUG_INFORMATION_FORMAT = dwarf;
				ENABLE_STRICT_OBJC_MSGSEND = YES;
				ENABLE_TESTABILITY = YES;
				GCC_C_LANGUAGE_STANDARD = gnu11;
				GCC_DYNAMIC_NO_PIC = NO;
				GCC_NO_COMMON_BLOCKS = YES;
				GCC_OPTIMIZATION_LEVEL = 0;
				GCC_PREPROCESSOR_DEFINITIONS = (
					"DEBUG=1",
					"$(inherited)",
				);
				GCC_WARN_64_TO_32_BIT_CONVERSION = YES;
				GCC_WARN_ABOUT_RETURN_TYPE = YES_ERROR;
				GCC_WARN_UNDECLARED_SELECTOR = YES;
				GCC_WARN_UNINITIALIZED_AUTOS = YES_AGGRESSIVE;
				GCC_WARN_UNUSED_FUNCTION = YES;
				GCC_WARN_UNUSED_VARIABLE = YES;
				MTL_ENABLE_DEBUG_INFO = INCLUDE_SOURCE;
				MTL_FAST_MATH = YES;
				ONLY_ACTIVE_ARCH = YES;
				SWIFT_ACTIVE_COMPILATION_CONDITIONS = DEBUG;
				SWIFT_OPTIMIZATION_LEVEL = "-Onone";
			};
			name = Debug;
		};
		8CF413F627CA026B00BE0028 /* Release */ = {
			isa = XCBuildConfiguration;
			buildSettings = {
				ALWAYS_SEARCH_USER_PATHS = NO;
				CLANG_ANALYZER_NONNULL = YES;
				CLANG_ANALYZER_NUMBER_OBJECT_CONVERSION = YES_AGGRESSIVE;
				CLANG_CXX_LANGUAGE_STANDARD = "gnu++17";
				CLANG_CXX_LIBRARY = "libc++";
				CLANG_ENABLE_MODULES = YES;
				CLANG_ENABLE_OBJC_ARC = YES;
				CLANG_ENABLE_OBJC_WEAK = YES;
				CLANG_WARN_BLOCK_CAPTURE_AUTORELEASING = YES;
				CLANG_WARN_BOOL_CONVERSION = YES;
				CLANG_WARN_COMMA = YES;
				CLANG_WARN_CONSTANT_CONVERSION = YES;
				CLANG_WARN_DEPRECATED_OBJC_IMPLEMENTATIONS = YES;
				CLANG_WARN_DIRECT_OBJC_ISA_USAGE = YES_ERROR;
				CLANG_WARN_DOCUMENTATION_COMMENTS = YES;
				CLANG_WARN_EMPTY_BODY = YES;
				CLANG_WARN_ENUM_CONVERSION = YES;
				CLANG_WARN_INFINITE_RECURSION = YES;
				CLANG_WARN_INT_CONVERSION = YES;
				CLANG_WARN_NON_LITERAL_NULL_CONVERSION = YES;
				CLANG_WARN_OBJC_IMPLICIT_RETAIN_SELF = YES;
				CLANG_WARN_OBJC_LITERAL_CONVERSION = YES;
				CLANG_WARN_OBJC_ROOT_CLASS = YES_ERROR;
				CLANG_WARN_QUOTED_INCLUDE_IN_FRAMEWORK_HEADER = YES;
				CLANG_WARN_RANGE_LOOP_ANALYSIS = YES;
				CLANG_WARN_STRICT_PROTOTYPES = YES;
				CLANG_WARN_SUSPICIOUS_MOVE = YES;
				CLANG_WARN_UNGUARDED_AVAILABILITY = YES_AGGRESSIVE;
				CLANG_WARN_UNREACHABLE_CODE = YES;
				CLANG_WARN__DUPLICATE_METHOD_MATCH = YES;
				COPY_PHASE_STRIP = NO;
				DEBUG_INFORMATION_FORMAT = "dwarf-with-dsym";
				ENABLE_NS_ASSERTIONS = NO;
				ENABLE_STRICT_OBJC_MSGSEND = YES;
				GCC_C_LANGUAGE_STANDARD = gnu11;
				GCC_NO_COMMON_BLOCKS = YES;
				GCC_WARN_64_TO_32_BIT_CONVERSION = YES;
				GCC_WARN_ABOUT_RETURN_TYPE = YES_ERROR;
				GCC_WARN_UNDECLARED_SELECTOR = YES;
				GCC_WARN_UNINITIALIZED_AUTOS = YES_AGGRESSIVE;
				GCC_WARN_UNUSED_FUNCTION = YES;
				GCC_WARN_UNUSED_VARIABLE = YES;
				MTL_ENABLE_DEBUG_INFO = NO;
				MTL_FAST_MATH = YES;
				SWIFT_COMPILATION_MODE = wholemodule;
				SWIFT_OPTIMIZATION_LEVEL = "-O";
			};
			name = Release;
		};
		8CF413F827CA026B00BE0028 /* Debug */ = {
			isa = XCBuildConfiguration;
			buildSettings = {
				ASSETCATALOG_COMPILER_APPICON_NAME = AppIcon;
				ASSETCATALOG_COMPILER_GLOBAL_ACCENT_COLOR_NAME = AccentColor;
				CODE_SIGN_STYLE = Automatic;
				CURRENT_PROJECT_VERSION = 1;
				DEVELOPMENT_TEAM = 8774ZX9976;
				ENABLE_PREVIEWS = YES;
				GENERATE_INFOPLIST_FILE = YES;
				INFOPLIST_KEY_UIApplicationSceneManifest_Generation = YES;
				INFOPLIST_KEY_UIApplicationSupportsIndirectInputEvents = YES;
				INFOPLIST_KEY_UILaunchScreen_Generation = YES;
				INFOPLIST_KEY_UISupportedInterfaceOrientations_iPad = "UIInterfaceOrientationPortrait UIInterfaceOrientationPortraitUpsideDown UIInterfaceOrientationLandscapeLeft UIInterfaceOrientationLandscapeRight";
				INFOPLIST_KEY_UISupportedInterfaceOrientations_iPhone = "UIInterfaceOrientationPortrait UIInterfaceOrientationLandscapeLeft UIInterfaceOrientationLandscapeRight";
				IPHONEOS_DEPLOYMENT_TARGET = 15.2;
				LD_RUNPATH_SEARCH_PATHS = (
					"$(inherited)",
					"@executable_path/Frameworks",
				);
				MARKETING_VERSION = 1.0;
				PRODUCT_BUNDLE_IDENTIFIER = kidstyo.AppStoreToolKit;
				PRODUCT_NAME = AppStoreToolKit;
				SDKROOT = iphoneos;
				SWIFT_EMIT_LOC_STRINGS = YES;
				SWIFT_VERSION = 5.0;
				TARGETED_DEVICE_FAMILY = "1,2";
			};
			name = Debug;
		};
		8CF413F927CA026B00BE0028 /* Release */ = {
			isa = XCBuildConfiguration;
			buildSettings = {
				ASSETCATALOG_COMPILER_APPICON_NAME = AppIcon;
				ASSETCATALOG_COMPILER_GLOBAL_ACCENT_COLOR_NAME = AccentColor;
				CODE_SIGN_STYLE = Automatic;
				CURRENT_PROJECT_VERSION = 1;
				DEVELOPMENT_TEAM = 8774ZX9976;
				ENABLE_PREVIEWS = YES;
				GENERATE_INFOPLIST_FILE = YES;
				INFOPLIST_KEY_UIApplicationSceneManifest_Generation = YES;
				INFOPLIST_KEY_UIApplicationSupportsIndirectInputEvents = YES;
				INFOPLIST_KEY_UILaunchScreen_Generation = YES;
				INFOPLIST_KEY_UISupportedInterfaceOrientations_iPad = "UIInterfaceOrientationPortrait UIInterfaceOrientationPortraitUpsideDown UIInterfaceOrientationLandscapeLeft UIInterfaceOrientationLandscapeRight";
				INFOPLIST_KEY_UISupportedInterfaceOrientations_iPhone = "UIInterfaceOrientationPortrait UIInterfaceOrientationLandscapeLeft UIInterfaceOrientationLandscapeRight";
				IPHONEOS_DEPLOYMENT_TARGET = 15.2;
				LD_RUNPATH_SEARCH_PATHS = (
					"$(inherited)",
					"@executable_path/Frameworks",
				);
				MARKETING_VERSION = 1.0;
				PRODUCT_BUNDLE_IDENTIFIER = kidstyo.AppStoreToolKit;
				PRODUCT_NAME = AppStoreToolKit;
				SDKROOT = iphoneos;
				SWIFT_EMIT_LOC_STRINGS = YES;
				SWIFT_VERSION = 5.0;
				TARGETED_DEVICE_FAMILY = "1,2";
				VALIDATE_PRODUCT = YES;
			};
			name = Release;
		};
		8CF413FB27CA026B00BE0028 /* Debug */ = {
			isa = XCBuildConfiguration;
			buildSettings = {
				ASSETCATALOG_COMPILER_APPICON_NAME = AppIcon;
				ASSETCATALOG_COMPILER_GLOBAL_ACCENT_COLOR_NAME = AccentColor;
				CODE_SIGN_ENTITLEMENTS = macOS/macOS.entitlements;
				CODE_SIGN_STYLE = Automatic;
				COMBINE_HIDPI_IMAGES = YES;
				CURRENT_PROJECT_VERSION = 1;
				DEVELOPMENT_TEAM = 8774ZX9976;
				ENABLE_HARDENED_RUNTIME = YES;
				ENABLE_PREVIEWS = YES;
				GENERATE_INFOPLIST_FILE = YES;
				INFOPLIST_KEY_NSHumanReadableCopyright = "";
				LD_RUNPATH_SEARCH_PATHS = (
					"$(inherited)",
					"@executable_path/../Frameworks",
				);
				MACOSX_DEPLOYMENT_TARGET = 12.1;
				MARKETING_VERSION = 1.0;
				PRODUCT_BUNDLE_IDENTIFIER = kidstyo.AppStoreToolKit;
				PRODUCT_NAME = AppStoreToolKit;
				SDKROOT = macosx;
				SWIFT_EMIT_LOC_STRINGS = YES;
				SWIFT_VERSION = 5.0;
			};
			name = Debug;
		};
		8CF413FC27CA026B00BE0028 /* Release */ = {
			isa = XCBuildConfiguration;
			buildSettings = {
				ASSETCATALOG_COMPILER_APPICON_NAME = AppIcon;
				ASSETCATALOG_COMPILER_GLOBAL_ACCENT_COLOR_NAME = AccentColor;
				CODE_SIGN_ENTITLEMENTS = macOS/macOS.entitlements;
				CODE_SIGN_STYLE = Automatic;
				COMBINE_HIDPI_IMAGES = YES;
				CURRENT_PROJECT_VERSION = 1;
				DEVELOPMENT_TEAM = 8774ZX9976;
				ENABLE_HARDENED_RUNTIME = YES;
				ENABLE_PREVIEWS = YES;
				GENERATE_INFOPLIST_FILE = YES;
				INFOPLIST_KEY_NSHumanReadableCopyright = "";
				LD_RUNPATH_SEARCH_PATHS = (
					"$(inherited)",
					"@executable_path/../Frameworks",
				);
				MACOSX_DEPLOYMENT_TARGET = 12.1;
				MARKETING_VERSION = 1.0;
				PRODUCT_BUNDLE_IDENTIFIER = kidstyo.AppStoreToolKit;
				PRODUCT_NAME = AppStoreToolKit;
				SDKROOT = macosx;
				SWIFT_EMIT_LOC_STRINGS = YES;
				SWIFT_VERSION = 5.0;
			};
			name = Release;
		};
/* End XCBuildConfiguration section */

/* Begin XCConfigurationList section */
		8CF413DD27CA026A00BE0028 /* Build configuration list for PBXProject "AppStoreToolKit" */ = {
			isa = XCConfigurationList;
			buildConfigurations = (
				8CF413F527CA026B00BE0028 /* Debug */,
				8CF413F627CA026B00BE0028 /* Release */,
			);
			defaultConfigurationIsVisible = 0;
			defaultConfigurationName = Release;
		};
		8CF413F727CA026B00BE0028 /* Build configuration list for PBXNativeTarget "AppStoreToolKit (iOS)" */ = {
			isa = XCConfigurationList;
			buildConfigurations = (
				8CF413F827CA026B00BE0028 /* Debug */,
				8CF413F927CA026B00BE0028 /* Release */,
			);
			defaultConfigurationIsVisible = 0;
			defaultConfigurationName = Release;
		};
		8CF413FA27CA026B00BE0028 /* Build configuration list for PBXNativeTarget "AppStoreToolKit (macOS)" */ = {
			isa = XCConfigurationList;
			buildConfigurations = (
				8CF413FB27CA026B00BE0028 /* Debug */,
				8CF413FC27CA026B00BE0028 /* Release */,
			);
			defaultConfigurationIsVisible = 0;
			defaultConfigurationName = Release;
		};
/* End XCConfigurationList section */
	};
	rootObject = 8CF413DA27CA026A00BE0028 /* Project object */;
}
